
Microsoft Visual Studio Solution File, Format Version 12.00
# Visual Studio 15
VisualStudioVersion = 15.0.27428.2015
MinimumVisualStudioVersion = 10.0.40219.1
Project("{FAE04EC0-301F-11D3-BF4B-00C04F79EFBC}") = "AspNetWebpack", "AspNetWebpack\AspNetWebpack.csproj", "{C834DD2D-48DE-46CB-AD8D-910BEB086A5B}"
EndProject
Global
	GlobalSection(SolutionConfigurationPlatforms) = preSolution
		Debug|Any CPU = Debug|Any CPU
		Release|Any CPU = Release|Any CPU
	EndGlobalSection
	GlobalSection(ProjectConfigurationPlatforms) = postSolution
		{C834DD2D-48DE-46CB-AD8D-910BEB086A5B}.Debug|Any CPU.ActiveCfg = Debug|Any CPU
		{C834DD2D-48DE-46CB-AD8D-910BEB086A5B}.Debug|Any CPU.Build.0 = Debug|Any CPU
		{C834DD2D-48DE-46CB-AD8D-910BEB086A5B}.Release|Any CPU.ActiveCfg = Release|Any CPU
		{C834DD2D-48DE-46CB-AD8D-910BEB086A5B}.Release|Any CPU.Build.0 = Release|Any CPU
	EndGlobalSection
	GlobalSection(SolutionProperties) = preSolution
		HideSolutionNode = FALSE
	EndGlobalSection
	GlobalSection(ExtensibilityGlobals) = postSolution
		SolutionGuid = {41E21EA2-5882-4728-8E2C-040C6333FAE1}
	EndGlobalSection
EndGlobal
